
Microsoft Visual Studio Solution File, Format Version 12.00
# Visual Studio Version 16
VisualStudioVersion = 16.0.33130.400
MinimumVisualStudioVersion = 10.0.40219.1
Project("{FAE04EC0-301F-11D3-BF4B-00C04F79EFBC}") = "Sword MasTAErizer", "Sword MasTAErizer\Sword MasTAErizer.csproj", "{50DEDD0B-F96D-4434-8298-6CE892B8C705}"
EndProject
Project("{9A19103F-16F7-4668-BE54-9A1E7A4F7556}") = "SoulsAssetPipeline", "SoulsAssetPipeline\SoulsAssetPipeline\SoulsAssetPipeline.csproj", "{8E956E78-1AAC-4CAD-96C6-F24C649920E2}"
EndProject
Project("{9A19103F-16F7-4668-BE54-9A1E7A4F7556}") = "SoulsFormats", "SoulsAssetPipeline\SoulsFormats\SoulsFormats\SoulsFormats.csproj", "{737CDF98-1A4F-4352-8280-163A58F5E73A}"
EndProject
Global
	GlobalSection(SolutionConfigurationPlatforms) = preSolution
		Debug|Any CPU = Debug|Any CPU
		Release|Any CPU = Release|Any CPU
	EndGlobalSection
	GlobalSection(ProjectConfigurationPlatforms) = postSolution
		{50DEDD0B-F96D-4434-8298-6CE892B8C705}.Debug|Any CPU.ActiveCfg = Debug|Any CPU
		{50DEDD0B-F96D-4434-8298-6CE892B8C705}.Debug|Any CPU.Build.0 = Debug|Any CPU
		{50DEDD0B-F96D-4434-8298-6CE892B8C705}.Release|Any CPU.ActiveCfg = Release|Any CPU
		{50DEDD0B-F96D-4434-8298-6CE892B8C705}.Release|Any CPU.Build.0 = Release|Any CPU
		{8E956E78-1AAC-4CAD-96C6-F24C649920E2}.Debug|Any CPU.ActiveCfg = Debug|Any CPU
		{8E956E78-1AAC-4CAD-96C6-F24C649920E2}.Debug|Any CPU.Build.0 = Debug|Any CPU
		{8E956E78-1AAC-4CAD-96C6-F24C649920E2}.Release|Any CPU.ActiveCfg = Release|Any CPU
		{8E956E78-1AAC-4CAD-96C6-F24C649920E2}.Release|Any CPU.Build.0 = Release|Any CPU
		{737CDF98-1A4F-4352-8280-163A58F5E73A}.Debug|Any CPU.ActiveCfg = Debug|Any CPU
		{737CDF98-1A4F-4352-8280-163A58F5E73A}.Debug|Any CPU.Build.0 = Debug|Any CPU
		{737CDF98-1A4F-4352-8280-163A58F5E73A}.Release|Any CPU.ActiveCfg = Release|Any CPU
		{737CDF98-1A4F-4352-8280-163A58F5E73A}.Release|Any CPU.Build.0 = Release|Any CPU
	EndGlobalSection
	GlobalSection(SolutionProperties) = preSolution
		HideSolutionNode = FALSE
	EndGlobalSection
	GlobalSection(ExtensibilityGlobals) = postSolution
		SolutionGuid = {AD4E1045-2F40-4249-B78B-A53D09C80ED8}
	EndGlobalSection
EndGlobal
